
Microsoft Visual Studio Solution File, Format Version 12.00
# Visual Studio Version 16
VisualStudioVersion = 16.0.29709.97
MinimumVisualStudioVersion = 10.0.40219.1
Project("{FAE04EC0-301F-11D3-BF4B-00C04F79EFBC}") = "AcuteLink.Android", "AcuteLink\Android\AcuteLink.Android.csproj", "{3A68C789-71FE-465E-AE79-B5AAD5A046C7}"
EndProject
Project("{FAE04EC0-301F-11D3-BF4B-00C04F79EFBC}") = "AcuteLink.iOS", "AcuteLink\iOS\AcuteLink.iOS.csproj", "{166FFD95-99A9-4A3D-82B1-F44A756B1FA5}"
EndProject
Project("{FAE04EC0-301F-11D3-BF4B-00C04F79EFBC}") = "AcuteLink.UWP", "AcuteLink\UWP\AcuteLink.UWP.csproj", "{35692080-ECDA-47AA-BC79-8749DEAEDAE7}"
EndProject
Project("{FAE04EC0-301F-11D3-BF4B-00C04F79EFBC}") = "AcuteLink.Portable", "AcuteLink\Portable\AcuteLink.Portable.csproj", "{8E33FA6E-729F-4337-8DEA-242C71A813DA}"
EndProject
Global
	GlobalSection(SolutionConfigurationPlatforms) = preSolution
		Ad-Hoc|Any CPU = Ad-Hoc|Any CPU
		Ad-Hoc|ARM = Ad-Hoc|ARM
		Ad-Hoc|iPhone = Ad-Hoc|iPhone
		Ad-Hoc|iPhoneSimulator = Ad-Hoc|iPhoneSimulator
		Ad-Hoc|x64 = Ad-Hoc|x64
		Ad-Hoc|x86 = Ad-Hoc|x86
		AppStore|Any CPU = AppStore|Any CPU
		AppStore|ARM = AppStore|ARM
		AppStore|iPhone = AppStore|iPhone
		AppStore|iPhoneSimulator = AppStore|iPhoneSimulator
		AppStore|x64 = AppStore|x64
		AppStore|x86 = AppStore|x86
		Debug|Any CPU = Debug|Any CPU
		Debug|ARM = Debug|ARM
		Debug|iPhone = Debug|iPhone
		Debug|iPhoneSimulator = Debug|iPhoneSimulator
		Debug|x64 = Debug|x64
		Debug|x86 = Debug|x86
		Release|Any CPU = Release|Any CPU
		Release|ARM = Release|ARM
		Release|iPhone = Release|iPhone
		Release|iPhoneSimulator = Release|iPhoneSimulator
		Release|x64 = Release|x64
		Release|x86 = Release|x86
	EndGlobalSection
	GlobalSection(ProjectConfigurationPlatforms) = postSolution
		{3A68C789-71FE-465E-AE79-B5AAD5A046C7}.Ad-Hoc|Any CPU.ActiveCfg = Release|Any CPU
		{3A68C789-71FE-465E-AE79-B5AAD5A046C7}.Ad-Hoc|Any CPU.Build.0 = Release|Any CPU
		{3A68C789-71FE-465E-AE79-B5AAD5A046C7}.Ad-Hoc|Any CPU.Deploy.0 = Release|Any CPU
		{3A68C789-71FE-465E-AE79-B5AAD5A046C7}.Ad-Hoc|ARM.ActiveCfg = Release|Any CPU
		{3A68C789-71FE-465E-AE79-B5AAD5A046C7}.Ad-Hoc|ARM.Build.0 = Release|Any CPU
		{3A68C789-71FE-465E-AE79-B5AAD5A046C7}.Ad-Hoc|ARM.Deploy.0 = Release|Any CPU
		{3A68C789-71FE-465E-AE79-B5AAD5A046C7}.Ad-Hoc|iPhone.ActiveCfg = Release|Any CPU
		{3A68C789-71FE-465E-AE79-B5AAD5A046C7}.Ad-Hoc|iPhone.Build.0 = Release|Any CPU
		{3A68C789-71FE-465E-AE79-B5AAD5A046C7}.Ad-Hoc|iPhone.Deploy.0 = Release|Any CPU
		{3A68C789-71FE-465E-AE79-B5AAD5A046C7}.Ad-Hoc|iPhoneSimulator.ActiveCfg = Release|Any CPU
		{3A68C789-71FE-465E-AE79-B5AAD5A046C7}.Ad-Hoc|iPhoneSimulator.Build.0 = Release|Any CPU
		{3A68C789-71FE-465E-AE79-B5AAD5A046C7}.Ad-Hoc|iPhoneSimulator.Deploy.0 = Release|Any CPU
		{3A68C789-71FE-465E-AE79-B5AAD5A046C7}.Ad-Hoc|x64.ActiveCfg = Release|Any CPU
		{3A68C789-71FE-465E-AE79-B5AAD5A046C7}.Ad-Hoc|x64.Build.0 = Release|Any CPU
		{3A68C789-71FE-465E-AE79-B5AAD5A046C7}.Ad-Hoc|x64.Deploy.0 = Release|Any CPU
		{3A68C789-71FE-465E-AE79-B5AAD5A046C7}.Ad-Hoc|x86.ActiveCfg = Release|Any CPU
		{3A68C789-71FE-465E-AE79-B5AAD5A046C7}.Ad-Hoc|x86.Build.0 = Release|Any CPU
		{3A68C789-71FE-465E-AE79-B5AAD5A046C7}.Ad-Hoc|x86.Deploy.0 = Release|Any CPU
		{3A68C789-71FE-465E-AE79-B5AAD5A046C7}.AppStore|Any CPU.ActiveCfg = Release|Any CPU
		{3A68C789-71FE-465E-AE79-B5AAD5A046C7}.AppStore|Any CPU.Build.0 = Release|Any CPU
		{3A68C789-71FE-465E-AE79-B5AAD5A046C7}.AppStore|Any CPU.Deploy.0 = Release|Any CPU
		{3A68C789-71FE-465E-AE79-B5AAD5A046C7}.AppStore|ARM.ActiveCfg = Release|Any CPU
		{3A68C789-71FE-465E-AE79-B5AAD5A046C7}.AppStore|ARM.Build.0 = Release|Any CPU
		{3A68C789-71FE-465E-AE79-B5AAD5A046C7}.AppStore|ARM.Deploy.0 = Release|Any CPU
		{3A68C789-71FE-465E-AE79-B5AAD5A046C7}.AppStore|iPhone.ActiveCfg = Release|Any CPU
		{3A68C789-71FE-465E-AE79-B5AAD5A046C7}.AppStore|iPhone.Build.0 = Release|Any CPU
		{3A68C789-71FE-465E-AE79-B5AAD5A046C7}.AppStore|iPhone.Deploy.0 = Release|Any CPU
		{3A68C789-71FE-465E-AE79-B5AAD5A046C7}.AppStore|iPhoneSimulator.ActiveCfg = Release|Any CPU
		{3A68C789-71FE-465E-AE79-B5AAD5A046C7}.AppStore|iPhoneSimulator.Build.0 = Release|Any CPU
		{3A68C789-71FE-465E-AE79-B5AAD5A046C7}.AppStore|iPhoneSimulator.Deploy.0 = Release|Any CPU
		{3A68C789-71FE-465E-AE79-B5AAD5A046C7}.AppStore|x64.ActiveCfg = Release|Any CPU
		{3A68C789-71FE-465E-AE79-B5AAD5A046C7}.AppStore|x64.Build.0 = Release|Any CPU
		{3A68C789-71FE-465E-AE79-B5AAD5A046C7}.AppStore|x64.Deploy.0 = Release|Any CPU
		{3A68C789-71FE-465E-AE79-B5AAD5A046C7}.AppStore|x86.ActiveCfg = Release|Any CPU
		{3A68C789-71FE-465E-AE79-B5AAD5A046C7}.AppStore|x86.Build.0 = Release|Any CPU
		{3A68C789-71FE-465E-AE79-B5AAD5A046C7}.AppStore|x86.Deploy.0 = Release|Any CPU
		{3A68C789-71FE-465E-AE79-B5AAD5A046C7}.Debug|Any CPU.ActiveCfg = Debug|Any CPU
		{3A68C789-71FE-465E-AE79-B5AAD5A046C7}.Debug|Any CPU.Build.0 = Debug|Any CPU
		{3A68C789-71FE-465E-AE79-B5AAD5A046C7}.Debug|Any CPU.Deploy.0 = Debug|Any CPU
		{3A68C789-71FE-465E-AE79-B5AAD5A046C7}.Debug|ARM.ActiveCfg = Debug|Any CPU
		{3A68C789-71FE-465E-AE79-B5AAD5A046C7}.Debug|ARM.Build.0 = Debug|Any CPU
		{3A68C789-71FE-465E-AE79-B5AAD5A046C7}.Debug|ARM.Deploy.0 = Debug|Any CPU
		{3A68C789-71FE-465E-AE79-B5AAD5A046C7}.Debug|iPhone.ActiveCfg = Debug|Any CPU
		{3A68C789-71FE-465E-AE79-B5AAD5A046C7}.Debug|iPhone.Build.0 = Debug|Any CPU
		{3A68C789-71FE-465E-AE79-B5AAD5A046C7}.Debug|iPhone.Deploy.0 = Debug|Any CPU
		{3A68C789-71FE-465E-AE79-B5AAD5A046C7}.Debug|iPhoneSimulator.ActiveCfg = Debug|Any CPU
		{3A68C789-71FE-465E-AE79-B5AAD5A046C7}.Debug|iPhoneSimulator.Build.0 = Debug|Any CPU
		{3A68C789-71FE-465E-AE79-B5AAD5A046C7}.Debug|iPhoneSimulator.Deploy.0 = Debug|Any CPU
		{3A68C789-71FE-465E-AE79-B5AAD5A046C7}.Debug|x64.ActiveCfg = Debug|Any CPU
		{3A68C789-71FE-465E-AE79-B5AAD5A046C7}.Debug|x64.Build.0 = Debug|Any CPU
		{3A68C789-71FE-465E-AE79-B5AAD5A046C7}.Debug|x64.Deploy.0 = Debug|Any CPU
		{3A68C789-71FE-465E-AE79-B5AAD5A046C7}.Debug|x86.ActiveCfg = Debug|Any CPU
		{3A68C789-71FE-465E-AE79-B5AAD5A046C7}.Debug|x86.Build.0 = Debug|Any CPU
		{3A68C789-71FE-465E-AE79-B5AAD5A046C7}.Debug|x86.Deploy.0 = Debug|Any CPU
		{3A68C789-71FE-465E-AE79-B5AAD5A046C7}.Release|Any CPU.ActiveCfg = Release|Any CPU
		{3A68C789-71FE-465E-AE79-B5AAD5A046C7}.Release|Any CPU.Build.0 = Release|Any CPU
		{3A68C789-71FE-465E-AE79-B5AAD5A046C7}.Release|Any CPU.Deploy.0 = Release|Any CPU
		{3A68C789-71FE-465E-AE79-B5AAD5A046C7}.Release|ARM.ActiveCfg = Release|Any CPU
		{3A68C789-71FE-465E-AE79-B5AAD5A046C7}.Release|ARM.Build.0 = Release|Any CPU
		{3A68C789-71FE-465E-AE79-B5AAD5A046C7}.Release|ARM.Deploy.0 = Release|Any CPU
		{3A68C789-71FE-465E-AE79-B5AAD5A046C7}.Release|iPhone.ActiveCfg = Release|Any CPU
		{3A68C789-71FE-465E-AE79-B5AAD5A046C7}.Release|iPhone.Build.0 = Release|Any CPU
		{3A68C789-71FE-465E-AE79-B5AAD5A046C7}.Release|iPhone.Deploy.0 = Release|Any CPU
		{3A68C789-71FE-465E-AE79-B5AAD5A046C7}.Release|iPhoneSimulator.ActiveCfg = Release|Any CPU
		{3A68C789-71FE-465E-AE79-B5AAD5A046C7}.Release|iPhoneSimulator.Build.0 = Release|Any CPU
		{3A68C789-71FE-465E-AE79-B5AAD5A046C7}.Release|iPhoneSimulator.Deploy.0 = Release|Any CPU
		{3A68C789-71FE-465E-AE79-B5AAD5A046C7}.Release|x64.ActiveCfg = Release|Any CPU
		{3A68C789-71FE-465E-AE79-B5AAD5A046C7}.Release|x64.Build.0 = Release|Any CPU
		{3A68C789-71FE-465E-AE79-B5AAD5A046C7}.Release|x64.Deploy.0 = Release|Any CPU
		{3A68C789-71FE-465E-AE79-B5AAD5A046C7}.Release|x86.ActiveCfg = Release|Any CPU
		{3A68C789-71FE-465E-AE79-B5AAD5A046C7}.Release|x86.Build.0 = Release|Any CPU
		{3A68C789-71FE-465E-AE79-B5AAD5A046C7}.Release|x86.Deploy.0 = Release|Any CPU
		{166FFD95-99A9-4A3D-82B1-F44A756B1FA5}.Ad-Hoc|Any CPU.ActiveCfg = Ad-Hoc|iPhone
		{166FFD95-99A9-4A3D-82B1-F44A756B1FA5}.Ad-Hoc|ARM.ActiveCfg = Ad-Hoc|iPhone
		{166FFD95-99A9-4A3D-82B1-F44A756B1FA5}.Ad-Hoc|iPhone.ActiveCfg = Ad-Hoc|iPhone
		{166FFD95-99A9-4A3D-82B1-F44A756B1FA5}.Ad-Hoc|iPhone.Build.0 = Ad-Hoc|iPhone
		{166FFD95-99A9-4A3D-82B1-F44A756B1FA5}.Ad-Hoc|iPhoneSimulator.ActiveCfg = Ad-Hoc|iPhoneSimulator
		{166FFD95-99A9-4A3D-82B1-F44A756B1FA5}.Ad-Hoc|iPhoneSimulator.Build.0 = Ad-Hoc|iPhoneSimulator
		{166FFD95-99A9-4A3D-82B1-F44A756B1FA5}.Ad-Hoc|x64.ActiveCfg = Ad-Hoc|iPhone
		{166FFD95-99A9-4A3D-82B1-F44A756B1FA5}.Ad-Hoc|x86.ActiveCfg = Ad-Hoc|iPhone
		{166FFD95-99A9-4A3D-82B1-F44A756B1FA5}.AppStore|Any CPU.ActiveCfg = AppStore|iPhone
		{166FFD95-99A9-4A3D-82B1-F44A756B1FA5}.AppStore|ARM.ActiveCfg = AppStore|iPhone
		{166FFD95-99A9-4A3D-82B1-F44A756B1FA5}.AppStore|iPhone.ActiveCfg = AppStore|iPhone
		{166FFD95-99A9-4A3D-82B1-F44A756B1FA5}.AppStore|iPhone.Build.0 = AppStore|iPhone
		{166FFD95-99A9-4A3D-82B1-F44A756B1FA5}.AppStore|iPhoneSimulator.ActiveCfg = AppStore|iPhoneSimulator
		{166FFD95-99A9-4A3D-82B1-F44A756B1FA5}.AppStore|iPhoneSimulator.Build.0 = AppStore|iPhoneSimulator
		{166FFD95-99A9-4A3D-82B1-F44A756B1FA5}.AppStore|x64.ActiveCfg = AppStore|iPhone
		{166FFD95-99A9-4A3D-82B1-F44A756B1FA5}.AppStore|x86.ActiveCfg = AppStore|iPhone
		{166FFD95-99A9-4A3D-82B1-F44A756B1FA5}.Debug|Any CPU.ActiveCfg = Debug|iPhone
		{166FFD95-99A9-4A3D-82B1-F44A756B1FA5}.Debug|ARM.ActiveCfg = Debug|iPhone
		{166FFD95-99A9-4A3D-82B1-F44A756B1FA5}.Debug|iPhone.ActiveCfg = Debug|iPhone
		{166FFD95-99A9-4A3D-82B1-F44A756B1FA5}.Debug|iPhone.Build.0 = Debug|iPhone
		{166FFD95-99A9-4A3D-82B1-F44A756B1FA5}.Debug|iPhoneSimulator.ActiveCfg = Debug|iPhoneSimulator
		{166FFD95-99A9-4A3D-82B1-F44A756B1FA5}.Debug|iPhoneSimulator.Build.0 = Debug|iPhoneSimulator
		{166FFD95-99A9-4A3D-82B1-F44A756B1FA5}.Debug|x64.ActiveCfg = Debug|iPhone
		{166FFD95-99A9-4A3D-82B1-F44A756B1FA5}.Debug|x86.ActiveCfg = Debug|iPhone
		{166FFD95-99A9-4A3D-82B1-F44A756B1FA5}.Release|Any CPU.ActiveCfg = Release|iPhone
		{166FFD95-99A9-4A3D-82B1-F44A756B1FA5}.Release|ARM.ActiveCfg = Release|iPhone
		{166FFD95-99A9-4A3D-82B1-F44A756B1FA5}.Release|iPhone.ActiveCfg = Release|iPhone
		{166FFD95-99A9-4A3D-82B1-F44A756B1FA5}.Release|iPhone.Build.0 = Release|iPhone
		{166FFD95-99A9-4A3D-82B1-F44A756B1FA5}.Release|iPhoneSimulator.ActiveCfg = Release|iPhoneSimulator
		{166FFD95-99A9-4A3D-82B1-F44A756B1FA5}.Release|iPhoneSimulator.Build.0 = Release|iPhoneSimulator
		{166FFD95-99A9-4A3D-82B1-F44A756B1FA5}.Release|x64.ActiveCfg = Release|iPhone
		{166FFD95-99A9-4A3D-82B1-F44A756B1FA5}.Release|x86.ActiveCfg = Release|iPhone
		{35692080-ECDA-47AA-BC79-8749DEAEDAE7}.Ad-Hoc|Any CPU.ActiveCfg = Release|x86
		{35692080-ECDA-47AA-BC79-8749DEAEDAE7}.Ad-Hoc|Any CPU.Build.0 = Release|x86
		{35692080-ECDA-47AA-BC79-8749DEAEDAE7}.Ad-Hoc|Any CPU.Deploy.0 = Release|x86
		{35692080-ECDA-47AA-BC79-8749DEAEDAE7}.Ad-Hoc|ARM.ActiveCfg = Release|ARM
		{35692080-ECDA-47AA-BC79-8749DEAEDAE7}.Ad-Hoc|ARM.Build.0 = Release|ARM
		{35692080-ECDA-47AA-BC79-8749DEAEDAE7}.Ad-Hoc|ARM.Deploy.0 = Release|ARM
		{35692080-ECDA-47AA-BC79-8749DEAEDAE7}.Ad-Hoc|iPhone.ActiveCfg = Release|x86
		{35692080-ECDA-47AA-BC79-8749DEAEDAE7}.Ad-Hoc|iPhone.Build.0 = Release|x86
		{35692080-ECDA-47AA-BC79-8749DEAEDAE7}.Ad-Hoc|iPhone.Deploy.0 = Release|x86
		{35692080-ECDA-47AA-BC79-8749DEAEDAE7}.Ad-Hoc|iPhoneSimulator.ActiveCfg = Release|x86
		{35692080-ECDA-47AA-BC79-8749DEAEDAE7}.Ad-Hoc|iPhoneSimulator.Build.0 = Release|x86
		{35692080-ECDA-47AA-BC79-8749DEAEDAE7}.Ad-Hoc|iPhoneSimulator.Deploy.0 = Release|x86
		{35692080-ECDA-47AA-BC79-8749DEAEDAE7}.Ad-Hoc|x64.ActiveCfg = Release|x64
		{35692080-ECDA-47AA-BC79-8749DEAEDAE7}.Ad-Hoc|x64.Build.0 = Release|x64
		{35692080-ECDA-47AA-BC79-8749DEAEDAE7}.Ad-Hoc|x64.Deploy.0 = Release|x64
		{35692080-ECDA-47AA-BC79-8749DEAEDAE7}.Ad-Hoc|x86.ActiveCfg = Release|x86
		{35692080-ECDA-47AA-BC79-8749DEAEDAE7}.Ad-Hoc|x86.Build.0 = Release|x86
		{35692080-ECDA-47AA-BC79-8749DEAEDAE7}.Ad-Hoc|x86.Deploy.0 = Release|x86
		{35692080-ECDA-47AA-BC79-8749DEAEDAE7}.AppStore|Any CPU.ActiveCfg = Release|x86
		{35692080-ECDA-47AA-BC79-8749DEAEDAE7}.AppStore|Any CPU.Build.0 = Release|x86
		{35692080-ECDA-47AA-BC79-8749DEAEDAE7}.AppStore|Any CPU.Deploy.0 = Release|x86
		{35692080-ECDA-47AA-BC79-8749DEAEDAE7}.AppStore|ARM.ActiveCfg = Release|ARM
		{35692080-ECDA-47AA-BC79-8749DEAEDAE7}.AppStore|ARM.Build.0 = Release|ARM
		{35692080-ECDA-47AA-BC79-8749DEAEDAE7}.AppStore|ARM.Deploy.0 = Release|ARM
		{35692080-ECDA-47AA-BC79-8749DEAEDAE7}.AppStore|iPhone.ActiveCfg = Release|x86
		{35692080-ECDA-47AA-BC79-8749DEAEDAE7}.AppStore|iPhone.Build.0 = Release|x86
		{35692080-ECDA-47AA-BC79-8749DEAEDAE7}.AppStore|iPhone.Deploy.0 = Release|x86
		{35692080-ECDA-47AA-BC79-8749DEAEDAE7}.AppStore|iPhoneSimulator.ActiveCfg = Release|x86
		{35692080-ECDA-47AA-BC79-8749DEAEDAE7}.AppStore|iPhoneSimulator.Build.0 = Release|x86
		{35692080-ECDA-47AA-BC79-8749DEAEDAE7}.AppStore|iPhoneSimulator.Deploy.0 = Release|x86
		{35692080-ECDA-47AA-BC79-8749DEAEDAE7}.AppStore|x64.ActiveCfg = Release|x64
		{35692080-ECDA-47AA-BC79-8749DEAEDAE7}.AppStore|x64.Build.0 = Release|x64
		{35692080-ECDA-47AA-BC79-8749DEAEDAE7}.AppStore|x64.Deploy.0 = Release|x64
		{35692080-ECDA-47AA-BC79-8749DEAEDAE7}.AppStore|x86.ActiveCfg = Release|x86
		{35692080-ECDA-47AA-BC79-8749DEAEDAE7}.AppStore|x86.Build.0 = Release|x86
		{35692080-ECDA-47AA-BC79-8749DEAEDAE7}.AppStore|x86.Deploy.0 = Release|x86
		{35692080-ECDA-47AA-BC79-8749DEAEDAE7}.Debug|Any CPU.ActiveCfg = Debug|x86
		{35692080-ECDA-47AA-BC79-8749DEAEDAE7}.Debug|ARM.ActiveCfg = Debug|ARM
		{35692080-ECDA-47AA-BC79-8749DEAEDAE7}.Debug|ARM.Build.0 = Debug|ARM
		{35692080-ECDA-47AA-BC79-8749DEAEDAE7}.Debug|ARM.Deploy.0 = Debug|ARM
		{35692080-ECDA-47AA-BC79-8749DEAEDAE7}.Debug|iPhone.ActiveCfg = Debug|x86
		{35692080-ECDA-47AA-BC79-8749DEAEDAE7}.Debug|iPhoneSimulator.ActiveCfg = Debug|x86
		{35692080-ECDA-47AA-BC79-8749DEAEDAE7}.Debug|x64.ActiveCfg = Debug|x64
		{35692080-ECDA-47AA-BC79-8749DEAEDAE7}.Debug|x64.Build.0 = Debug|x64
		{35692080-ECDA-47AA-BC79-8749DEAEDAE7}.Debug|x64.Deploy.0 = Debug|x64
		{35692080-ECDA-47AA-BC79-8749DEAEDAE7}.Debug|x86.ActiveCfg = Debug|x86
		{35692080-ECDA-47AA-BC79-8749DEAEDAE7}.Debug|x86.Build.0 = Debug|x86
		{35692080-ECDA-47AA-BC79-8749DEAEDAE7}.Debug|x86.Deploy.0 = Debug|x86
		{35692080-ECDA-47AA-BC79-8749DEAEDAE7}.Release|Any CPU.ActiveCfg = Release|x86
		{35692080-ECDA-47AA-BC79-8749DEAEDAE7}.Release|ARM.ActiveCfg = Release|ARM
		{35692080-ECDA-47AA-BC79-8749DEAEDAE7}.Release|ARM.Build.0 = Release|ARM
		{35692080-ECDA-47AA-BC79-8749DEAEDAE7}.Release|ARM.Deploy.0 = Release|ARM
		{35692080-ECDA-47AA-BC79-8749DEAEDAE7}.Release|iPhone.ActiveCfg = Release|x86
		{35692080-ECDA-47AA-BC79-8749DEAEDAE7}.Release|iPhoneSimulator.ActiveCfg = Release|x86
		{35692080-ECDA-47AA-BC79-8749DEAEDAE7}.Release|x64.ActiveCfg = Release|x64
		{35692080-ECDA-47AA-BC79-8749DEAEDAE7}.Release|x64.Build.0 = Release|x64
		{35692080-ECDA-47AA-BC79-8749DEAEDAE7}.Release|x64.Deploy.0 = Release|x64
		{35692080-ECDA-47AA-BC79-8749DEAEDAE7}.Release|x86.ActiveCfg = Release|x86
		{35692080-ECDA-47AA-BC79-8749DEAEDAE7}.Release|x86.Build.0 = Release|x86
		{35692080-ECDA-47AA-BC79-8749DEAEDAE7}.Release|x86.Deploy.0 = Release|x86
		{8E33FA6E-729F-4337-8DEA-242C71A813DA}.Ad-Hoc|Any CPU.ActiveCfg = Debug|Any CPU
		{8E33FA6E-729F-4337-8DEA-242C71A813DA}.Ad-Hoc|Any CPU.Build.0 = Debug|Any CPU
		{8E33FA6E-729F-4337-8DEA-242C71A813DA}.Ad-Hoc|ARM.ActiveCfg = Debug|Any CPU
		{8E33FA6E-729F-4337-8DEA-242C71A813DA}.Ad-Hoc|ARM.Build.0 = Debug|Any CPU
		{8E33FA6E-729F-4337-8DEA-242C71A813DA}.Ad-Hoc|iPhone.ActiveCfg = Debug|Any CPU
		{8E33FA6E-729F-4337-8DEA-242C71A813DA}.Ad-Hoc|iPhone.Build.0 = Debug|Any CPU
		{8E33FA6E-729F-4337-8DEA-242C71A813DA}.Ad-Hoc|iPhoneSimulator.ActiveCfg = Debug|Any CPU
		{8E33FA6E-729F-4337-8DEA-242C71A813DA}.Ad-Hoc|iPhoneSimulator.Build.0 = Debug|Any CPU
		{8E33FA6E-729F-4337-8DEA-242C71A813DA}.Ad-Hoc|x64.ActiveCfg = Debug|Any CPU
		{8E33FA6E-729F-4337-8DEA-242C71A813DA}.Ad-Hoc|x64.Build.0 = Debug|Any CPU
		{8E33FA6E-729F-4337-8DEA-242C71A813DA}.Ad-Hoc|x86.ActiveCfg = Debug|Any CPU
		{8E33FA6E-729F-4337-8DEA-242C71A813DA}.Ad-Hoc|x86.Build.0 = Debug|Any CPU
		{8E33FA6E-729F-4337-8DEA-242C71A813DA}.AppStore|Any CPU.ActiveCfg = Debug|Any CPU
		{8E33FA6E-729F-4337-8DEA-242C71A813DA}.AppStore|Any CPU.Build.0 = Debug|Any CPU
		{8E33FA6E-729F-4337-8DEA-242C71A813DA}.AppStore|ARM.ActiveCfg = Debug|Any CPU
		{8E33FA6E-729F-4337-8DEA-242C71A813DA}.AppStore|ARM.Build.0 = Debug|Any CPU
		{8E33FA6E-729F-4337-8DEA-242C71A813DA}.AppStore|iPhone.ActiveCfg = Debug|Any CPU
		{8E33FA6E-729F-4337-8DEA-242C71A813DA}.AppStore|iPhone.Build.0 = Debug|Any CPU
		{8E33FA6E-729F-4337-8DEA-242C71A813DA}.AppStore|iPhoneSimulator.ActiveCfg = Debug|Any CPU
		{8E33FA6E-729F-4337-8DEA-242C71A813DA}.AppStore|iPhoneSimulator.Build.0 = Debug|Any CPU
		{8E33FA6E-729F-4337-8DEA-242C71A813DA}.AppStore|x64.ActiveCfg = Debug|Any CPU
		{8E33FA6E-729F-4337-8DEA-242C71A813DA}.AppStore|x64.Build.0 = Debug|Any CPU
		{8E33FA6E-729F-4337-8DEA-242C71A813DA}.AppStore|x86.ActiveCfg = Debug|Any CPU
		{8E33FA6E-729F-4337-8DEA-242C71A813DA}.AppStore|x86.Build.0 = Debug|Any CPU
		{8E33FA6E-729F-4337-8DEA-242C71A813DA}.Debug|Any CPU.ActiveCfg = Debug|Any CPU
		{8E33FA6E-729F-4337-8DEA-242C71A813DA}.Debug|Any CPU.Build.0 = Debug|Any CPU
		{8E33FA6E-729F-4337-8DEA-242C71A813DA}.Debug|ARM.ActiveCfg = Debug|Any CPU
		{8E33FA6E-729F-4337-8DEA-242C71A813DA}.Debug|ARM.Build.0 = Debug|Any CPU
		{8E33FA6E-729F-4337-8DEA-242C71A813DA}.Debug|iPhone.ActiveCfg = Debug|Any CPU
		{8E33FA6E-729F-4337-8DEA-242C71A813DA}.Debug|iPhone.Build.0 = Debug|Any CPU
		{8E33FA6E-729F-4337-8DEA-242C71A813DA}.Debug|iPhoneSimulator.ActiveCfg = Debug|Any CPU
		{8E33FA6E-729F-4337-8DEA-242C71A813DA}.Debug|iPhoneSimulator.Build.0 = Debug|Any CPU
		{8E33FA6E-729F-4337-8DEA-242C71A813DA}.Debug|x64.ActiveCfg = Debug|Any CPU
		{8E33FA6E-729F-4337-8DEA-242C71A813DA}.Debug|x64.Build.0 = Debug|Any CPU
		{8E33FA6E-729F-4337-8DEA-242C71A813DA}.Debug|x86.ActiveCfg = Debug|Any CPU
		{8E33FA6E-729F-4337-8DEA-242C71A813DA}.Debug|x86.Build.0 = Debug|Any CPU
		{8E33FA6E-729F-4337-8DEA-242C71A813DA}.Release|Any CPU.ActiveCfg = Release|Any CPU
		{8E33FA6E-729F-4337-8DEA-242C71A813DA}.Release|Any CPU.Build.0 = Release|Any CPU
		{8E33FA6E-729F-4337-8DEA-242C71A813DA}.Release|ARM.ActiveCfg = Release|Any CPU
		{8E33FA6E-729F-4337-8DEA-242C71A813DA}.Release|ARM.Build.0 = Release|Any CPU
		{8E33FA6E-729F-4337-8DEA-242C71A813DA}.Release|iPhone.ActiveCfg = Release|Any CPU
		{8E33FA6E-729F-4337-8DEA-242C71A813DA}.Release|iPhone.Build.0 = Release|Any CPU
		{8E33FA6E-729F-4337-8DEA-242C71A813DA}.Release|iPhoneSimulator.ActiveCfg = Release|Any CPU
		{8E33FA6E-729F-4337-8DEA-242C71A813DA}.Release|iPhoneSimulator.Build.0 = Release|Any CPU
		{8E33FA6E-729F-4337-8DEA-242C71A813DA}.Release|x64.ActiveCfg = Release|Any CPU
		{8E33FA6E-729F-4337-8DEA-242C71A813DA}.Release|x64.Build.0 = Release|Any CPU
		{8E33FA6E-729F-4337-8DEA-242C71A813DA}.Release|x86.ActiveCfg = Release|Any CPU
		{8E33FA6E-729F-4337-8DEA-242C71A813DA}.Release|x86.Build.0 = Release|Any CPU
	EndGlobalSection
	GlobalSection(SolutionProperties) = preSolution
		HideSolutionNode = FALSE
	EndGlobalSection
	GlobalSection(ExtensibilityGlobals) = postSolution
		SolutionGuid = {1661F7F7-A931-4C6E-82C8-1D67191250A3}
	EndGlobalSection
EndGlobal
